{
  "requires": true,
  "lockfileVersion": 1,
  "dependencies": {
    "@popperjs/core": {
      "version": "2.0.3",
      "resolved": "https://registry.npmjs.org/@popperjs/core/-/core-2.0.3.tgz",
      "integrity": "sha512-LruFy9VJw+RdsvWXUCmqmCFBb5Q0YrbJ8qMDnjoXxTuOSwsmDgXw3sIgEIy0eRnKpdHMV8UOPnRRJNDRcidlCA=="
    }
  }
}
